
Microsoft Visual Studio Solution File, Format Version 12.00
# Visual Studio Version 17
VisualStudioVersion = 17.8.34316.72
MinimumVisualStudioVersion = 10.0.40219.1
Project("{9A19103F-16F7-4668-BE54-9A1E7A4F7556}") = "Login-Reg-Module", "Login-Reg-Module\Login-Reg-Module.csproj", "{D8E2ABC8-31C4-4719-A124-FCAA6683CB99}"
EndProject
Project("{9A19103F-16F7-4668-BE54-9A1E7A4F7556}") = "BookStore", "BookStore\BookStore.csproj", "{AF0C8E04-B4EE-40AF-88C6-E9248BDFEB19}"
EndProject
Project("{9A19103F-16F7-4668-BE54-9A1E7A4F7556}") = "BooksModels", "BooksModel\BooksModels.csproj", "{B99485AC-A940-4131-BF70-3D94D45518A8}"
EndProject
Project("{FAE04EC0-301F-11D3-BF4B-00C04F79EFBC}") = "UserModel", "UserModel\UserModel.csproj", "{A2726A10-E62B-485D-9334-886EE3188EEF}"
EndProject
Project("{FAE04EC0-301F-11D3-BF4B-00C04F79EFBC}") = "OrderModels", "OrderModels\OrderModels.csproj", "{F4280425-4F35-48E7-AC44-95ECB52CC412}"
EndProject
Global
	GlobalSection(SolutionConfigurationPlatforms) = preSolution
		Debug|Any CPU = Debug|Any CPU
		Release|Any CPU = Release|Any CPU
	EndGlobalSection
	GlobalSection(ProjectConfigurationPlatforms) = postSolution
		{D8E2ABC8-31C4-4719-A124-FCAA6683CB99}.Debug|Any CPU.ActiveCfg = Debug|Any CPU
		{D8E2ABC8-31C4-4719-A124-FCAA6683CB99}.Debug|Any CPU.Build.0 = Debug|Any CPU
		{D8E2ABC8-31C4-4719-A124-FCAA6683CB99}.Release|Any CPU.ActiveCfg = Release|Any CPU
		{D8E2ABC8-31C4-4719-A124-FCAA6683CB99}.Release|Any CPU.Build.0 = Release|Any CPU
		{AF0C8E04-B4EE-40AF-88C6-E9248BDFEB19}.Debug|Any CPU.ActiveCfg = Debug|Any CPU
		{AF0C8E04-B4EE-40AF-88C6-E9248BDFEB19}.Debug|Any CPU.Build.0 = Debug|Any CPU
		{AF0C8E04-B4EE-40AF-88C6-E9248BDFEB19}.Release|Any CPU.ActiveCfg = Release|Any CPU
		{AF0C8E04-B4EE-40AF-88C6-E9248BDFEB19}.Release|Any CPU.Build.0 = Release|Any CPU
		{B99485AC-A940-4131-BF70-3D94D45518A8}.Debug|Any CPU.ActiveCfg = Debug|Any CPU
		{B99485AC-A940-4131-BF70-3D94D45518A8}.Debug|Any CPU.Build.0 = Debug|Any CPU
		{B99485AC-A940-4131-BF70-3D94D45518A8}.Release|Any CPU.ActiveCfg = Release|Any CPU
		{B99485AC-A940-4131-BF70-3D94D45518A8}.Release|Any CPU.Build.0 = Release|Any CPU
		{A2726A10-E62B-485D-9334-886EE3188EEF}.Debug|Any CPU.ActiveCfg = Debug|Any CPU
		{A2726A10-E62B-485D-9334-886EE3188EEF}.Debug|Any CPU.Build.0 = Debug|Any CPU
		{A2726A10-E62B-485D-9334-886EE3188EEF}.Release|Any CPU.ActiveCfg = Release|Any CPU
		{A2726A10-E62B-485D-9334-886EE3188EEF}.Release|Any CPU.Build.0 = Release|Any CPU
		{F4280425-4F35-48E7-AC44-95ECB52CC412}.Debug|Any CPU.ActiveCfg = Debug|Any CPU
		{F4280425-4F35-48E7-AC44-95ECB52CC412}.Debug|Any CPU.Build.0 = Debug|Any CPU
		{F4280425-4F35-48E7-AC44-95ECB52CC412}.Release|Any CPU.ActiveCfg = Release|Any CPU
		{F4280425-4F35-48E7-AC44-95ECB52CC412}.Release|Any CPU.Build.0 = Release|Any CPU
	EndGlobalSection
	GlobalSection(SolutionProperties) = preSolution
		HideSolutionNode = FALSE
	EndGlobalSection
	GlobalSection(ExtensibilityGlobals) = postSolution
		SolutionGuid = {BB21B958-FB33-426C-9292-555DBB3945EA}
	EndGlobalSection
EndGlobal
